{
  "nodes": {
    "caddyr_theme": {
      "flake": false,
      "locked": {
        "lastModified": 1778455880,
        "narHash": "sha256-HBQZTVPtRnZmZWuTvrM45fnFGam8r4CuJRu9uBivkAQ=",
        "owner": "LeoLNeves",
        "repo": "drive-caddy",
        "rev": "f568b2291b6d7f5d1f1d34a63829922f051efbd7",
        "type": "github"
      },
      "original": {
        "owner": "LeoLNeves",
        "repo": "drive-caddy",
        "type": "github"
      }
    },
    "disko": {
      "inputs": {
        "nixpkgs": [
          "nixpkgs"
        ]
      },
      "locked": {
        "lastModified": 1777713215,
        "narHash": "sha256-8GzXDOXckDWwST8TY5DbwYFjdvQLlP7K9CLSVx6iTTo=",
        "owner": "nix-community",
        "repo": "disko",
        "rev": "63b4e7e6cf75307c1d26ac3762b886b5b0247267",
        "type": "github"
      },
      "original": {
        "owner": "nix-community",
        "repo": "disko",
        "type": "github"
      }
    },
    "home-manager": {
      "inputs": {
        "nixpkgs": [
          "nixpkgs"
        ]
      },
      "locked": {
        "lastModified": 1779027260,
        "narHash": "sha256-ZbgWWFQmSyM3HQ31nAZk2hJ7OSeNr9uRFHL8jCifY9M=",
        "owner": "nix-community",
        "repo": "home-manager",
        "rev": "bcb774cfc3268120cd61808629f9aa7dad3750a2",
        "type": "github"
      },
      "original": {
        "owner": "nix-community",
        "repo": "home-manager",
        "type": "github"
      }
    },
    "nixpkgs": {
      "locked": {
        "lastModified": 1777954456,
        "narHash": "sha256-hGdgeU2Nk87RAuZyYjyDjFL6LK7dAZN5RE9+hrDTkDU=",
        "owner": "NixOS",
        "repo": "nixpkgs",
        "rev": "549bd84d6279f9852cae6225e372cc67fb91a4c1",
        "type": "github"
      },
      "original": {
        "owner": "NixOS",
        "ref": "nixos-unstable",
        "repo": "nixpkgs",
        "type": "github"
      }
    },
    "personal_website": {
      "flake": false,
      "locked": {
        "lastModified": 1769221269,
        "narHash": "sha256-wyipJ8XxwNI8rpza8N5n9/hsh1NbBxsGV//0W6NpqNM=",
        "owner": "LeoLNeves",
        "repo": "personal_website",
        "rev": "c22007a1042268d28913a34442ab33fc393b0f47",
        "type": "github"
      },
      "original": {
        "owner": "LeoLNeves",
        "repo": "personal_website",
        "type": "github"
      }
    },
    "root": {
      "inputs": {
        "caddyr_theme": "caddyr_theme",
        "disko": "disko",
        "home-manager": "home-manager",
        "nixpkgs": "nixpkgs",
        "personal_website": "personal_website"
      }
    }
  },
  "root": "root",
  "version": 7
}
