{
  "nodes": {
    "disko": {
      "inputs": {
        "nixpkgs": [
          "nixpkgs"
        ]
      },
      "locked": {
        "lastModified": 1766150702,
        "narHash": "sha256-P0kM+5o+DKnB6raXgFEk3azw8Wqg5FL6wyl9jD+G5a4=",
        "owner": "nix-community",
        "repo": "disko",
        "rev": "916506443ecd0d0b4a0f4cf9d40a3c22ce39b378",
        "type": "github"
      },
      "original": {
        "owner": "nix-community",
        "repo": "disko",
        "type": "github"
      }
    },
    "nixpkgs": {
      "locked": {
        "lastModified": 1766070988,
        "narHash": "sha256-G/WVghka6c4bAzMhTwT2vjLccg/awmHkdKSd2JrycLc=",
        "owner": "NixOS",
        "repo": "nixpkgs",
        "rev": "c6245e83d836d0433170a16eb185cefe0572f8b8",
        "type": "github"
      },
      "original": {
        "owner": "NixOS",
        "ref": "nixos-unstable",
        "repo": "nixpkgs",
        "type": "github"
      }
    },
    "personal_website": {
      "flake": false,
      "locked": {
        "lastModified": 1767219499,
        "narHash": "sha256-qm5wwC5J75XXbxP2TKo/l6xPqMyk7F+4JLDj4FR9Wb8=",
        "owner": "LeoLNeves",
        "repo": "personal_website",
        "rev": "7a7f8a8ee2938b63a19820b8056cc9db1e8dbb18",
        "type": "github"
      },
      "original": {
        "owner": "LeoLNeves",
        "repo": "personal_website",
        "type": "github"
      }
    },
    "root": {
      "inputs": {
        "disko": "disko",
        "nixpkgs": "nixpkgs",
        "personal_website": "personal_website"
      }
    }
  },
  "root": "root",
  "version": 7
}
